
Microsoft Visual Studio Solution File, Format Version 12.00
# Visual Studio Version 16
VisualStudioVersion = 16.0.33027.164
MinimumVisualStudioVersion = 10.0.40219.1
Project("{8BC9CEB8-8B4A-11D0-8D11-00A0C91BC942}") = "SE_shudu", "SE_shudu\SE_shudu.vcxproj", "{6AED5DCE-2737-401E-BA85-EACEB4C6C3B8}"
EndProject
Global
	GlobalSection(SolutionConfigurationPlatforms) = preSolution
		Debug|x64 = Debug|x64
		Debug|x86 = Debug|x86
		Release|x64 = Release|x64
		Release|x86 = Release|x86
	EndGlobalSection
	GlobalSection(ProjectConfigurationPlatforms) = postSolution
		{6AED5DCE-2737-401E-BA85-EACEB4C6C3B8}.Debug|x64.ActiveCfg = Debug|x64
		{6AED5DCE-2737-401E-BA85-EACEB4C6C3B8}.Debug|x64.Build.0 = Debug|x64
		{6AED5DCE-2737-401E-BA85-EACEB4C6C3B8}.Debug|x86.ActiveCfg = Debug|Win32
		{6AED5DCE-2737-401E-BA85-EACEB4C6C3B8}.Debug|x86.Build.0 = Debug|Win32
		{6AED5DCE-2737-401E-BA85-EACEB4C6C3B8}.Release|x64.ActiveCfg = Release|x64
		{6AED5DCE-2737-401E-BA85-EACEB4C6C3B8}.Release|x64.Build.0 = Release|x64
		{6AED5DCE-2737-401E-BA85-EACEB4C6C3B8}.Release|x86.ActiveCfg = Release|Win32
		{6AED5DCE-2737-401E-BA85-EACEB4C6C3B8}.Release|x86.Build.0 = Release|Win32
	EndGlobalSection
	GlobalSection(SolutionProperties) = preSolution
		HideSolutionNode = FALSE
	EndGlobalSection
	GlobalSection(ExtensibilityGlobals) = postSolution
		SolutionGuid = {FFE40369-8DFB-415C-8D26-9A3A2FE114BB}
	EndGlobalSection
EndGlobal
